
Microsoft Visual Studio Solution File, Format Version 12.00
# Visual Studio Version 17
VisualStudioVersion = 17.6.33829.357
MinimumVisualStudioVersion = 10.0.40219.1
Project("{9A19103F-16F7-4668-BE54-9A1E7A4F7556}") = "CongestionTaxCalculator.Domain", "CongestionTaxCalculator.Domain\CongestionTaxCalculator.Domain.csproj", "{55C61D23-7085-4B2D-84F5-A6215B2E5AA9}"
EndProject
Project("{FAE04EC0-301F-11D3-BF4B-00C04F79EFBC}") = "CongestionTaxCalculator.Application", "CongestionTaxCalculator.Application\CongestionTaxCalculator.Application.csproj", "{36C7EB52-5D7B-4BE3-A9D2-F3F5ACCE6D4E}"
EndProject
Project("{FAE04EC0-301F-11D3-BF4B-00C04F79EFBC}") = "CongestionTaxCalculator.UnitTest", "CongestionTaxCalculator.UnitTest\CongestionTaxCalculator.UnitTest.csproj", "{73D19A97-D36C-4E79-B039-29A9127856DE}"
EndProject
Project("{FAE04EC0-301F-11D3-BF4B-00C04F79EFBC}") = "CongestionTaxCalculator.Infra", "CongestionTaxCalculator.Infra\CongestionTaxCalculator.Infra.csproj", "{83F55C8E-855C-42A4-A417-CFE7F8B68D4E}"
EndProject
Project("{FAE04EC0-301F-11D3-BF4B-00C04F79EFBC}") = "CongestionTaxCalculator.Utilities", "CongestionTaxCalculator.Utilities\CongestionTaxCalculator.Utilities.csproj", "{563AFC69-89AC-49FE-8793-CB90EF818773}"
EndProject
Project("{2150E333-8FDC-42A3-9474-1A3956D46DE8}") = "SolutionFiles", "SolutionFiles", "{1AD2EB66-5DD5-40A9-A2EC-D2483FC87222}"
	ProjectSection(SolutionItems) = preProject
		SolutionFiles\Gothenburg-sqlserver-inserdata.sql = SolutionFiles\Gothenburg-sqlserver-inserdata.sql
	EndProjectSection
EndProject
Project("{FAE04EC0-301F-11D3-BF4B-00C04F79EFBC}") = "CongestionTaxCalculator.Shared", "CongestionTaxCalculator.Shared\CongestionTaxCalculator.Shared.csproj", "{0FBEBA6F-D4A8-4E88-8681-E83D79ED0C9F}"
EndProject
Project("{FAE04EC0-301F-11D3-BF4B-00C04F79EFBC}") = "CongestionTaxCalculator.Api", "CongestionTaxCalculator.Api\CongestionTaxCalculator.Api.csproj", "{2403558F-7E60-45B6-8C77-21014DF562D9}"
EndProject
Global
	GlobalSection(SolutionConfigurationPlatforms) = preSolution
		Debug|Any CPU = Debug|Any CPU
		Release|Any CPU = Release|Any CPU
	EndGlobalSection
	GlobalSection(ProjectConfigurationPlatforms) = postSolution
		{55C61D23-7085-4B2D-84F5-A6215B2E5AA9}.Debug|Any CPU.ActiveCfg = Debug|Any CPU
		{55C61D23-7085-4B2D-84F5-A6215B2E5AA9}.Debug|Any CPU.Build.0 = Debug|Any CPU
		{55C61D23-7085-4B2D-84F5-A6215B2E5AA9}.Release|Any CPU.ActiveCfg = Release|Any CPU
		{55C61D23-7085-4B2D-84F5-A6215B2E5AA9}.Release|Any CPU.Build.0 = Release|Any CPU
		{36C7EB52-5D7B-4BE3-A9D2-F3F5ACCE6D4E}.Debug|Any CPU.ActiveCfg = Debug|Any CPU
		{36C7EB52-5D7B-4BE3-A9D2-F3F5ACCE6D4E}.Debug|Any CPU.Build.0 = Debug|Any CPU
		{36C7EB52-5D7B-4BE3-A9D2-F3F5ACCE6D4E}.Release|Any CPU.ActiveCfg = Release|Any CPU
		{36C7EB52-5D7B-4BE3-A9D2-F3F5ACCE6D4E}.Release|Any CPU.Build.0 = Release|Any CPU
		{73D19A97-D36C-4E79-B039-29A9127856DE}.Debug|Any CPU.ActiveCfg = Debug|Any CPU
		{73D19A97-D36C-4E79-B039-29A9127856DE}.Debug|Any CPU.Build.0 = Debug|Any CPU
		{73D19A97-D36C-4E79-B039-29A9127856DE}.Release|Any CPU.ActiveCfg = Release|Any CPU
		{73D19A97-D36C-4E79-B039-29A9127856DE}.Release|Any CPU.Build.0 = Release|Any CPU
		{83F55C8E-855C-42A4-A417-CFE7F8B68D4E}.Debug|Any CPU.ActiveCfg = Debug|Any CPU
		{83F55C8E-855C-42A4-A417-CFE7F8B68D4E}.Debug|Any CPU.Build.0 = Debug|Any CPU
		{83F55C8E-855C-42A4-A417-CFE7F8B68D4E}.Release|Any CPU.ActiveCfg = Release|Any CPU
		{83F55C8E-855C-42A4-A417-CFE7F8B68D4E}.Release|Any CPU.Build.0 = Release|Any CPU
		{563AFC69-89AC-49FE-8793-CB90EF818773}.Debug|Any CPU.ActiveCfg = Debug|Any CPU
		{563AFC69-89AC-49FE-8793-CB90EF818773}.Debug|Any CPU.Build.0 = Debug|Any CPU
		{563AFC69-89AC-49FE-8793-CB90EF818773}.Release|Any CPU.ActiveCfg = Release|Any CPU
		{563AFC69-89AC-49FE-8793-CB90EF818773}.Release|Any CPU.Build.0 = Release|Any CPU
		{0FBEBA6F-D4A8-4E88-8681-E83D79ED0C9F}.Debug|Any CPU.ActiveCfg = Debug|Any CPU
		{0FBEBA6F-D4A8-4E88-8681-E83D79ED0C9F}.Debug|Any CPU.Build.0 = Debug|Any CPU
		{0FBEBA6F-D4A8-4E88-8681-E83D79ED0C9F}.Release|Any CPU.ActiveCfg = Release|Any CPU
		{0FBEBA6F-D4A8-4E88-8681-E83D79ED0C9F}.Release|Any CPU.Build.0 = Release|Any CPU
		{2403558F-7E60-45B6-8C77-21014DF562D9}.Debug|Any CPU.ActiveCfg = Debug|Any CPU
		{2403558F-7E60-45B6-8C77-21014DF562D9}.Debug|Any CPU.Build.0 = Debug|Any CPU
		{2403558F-7E60-45B6-8C77-21014DF562D9}.Release|Any CPU.ActiveCfg = Release|Any CPU
		{2403558F-7E60-45B6-8C77-21014DF562D9}.Release|Any CPU.Build.0 = Release|Any CPU
	EndGlobalSection
	GlobalSection(SolutionProperties) = preSolution
		HideSolutionNode = FALSE
	EndGlobalSection
	GlobalSection(ExtensibilityGlobals) = postSolution
		SolutionGuid = {FD9C8585-3B46-4DCF-8437-8E56173E3539}
	EndGlobalSection
EndGlobal
